
Microsoft Visual Studio Solution File, Format Version 12.00
# Visual Studio Version 16
VisualStudioVersion = 16.0.30204.135
MinimumVisualStudioVersion = 10.0.40219.1
Project("{FAE04EC0-301F-11D3-BF4B-00C04F79EFBC}") = "ExtraiCEPS", "ExtraiCEPS\ExtraiCEPS.csproj", "{94380BC8-B60A-4FE5-AECF-ADBBB8D70E85}"
EndProject
Global
	GlobalSection(SolutionConfigurationPlatforms) = preSolution
		Debug|Any CPU = Debug|Any CPU
		Release|Any CPU = Release|Any CPU
	EndGlobalSection
	GlobalSection(ProjectConfigurationPlatforms) = postSolution
		{94380BC8-B60A-4FE5-AECF-ADBBB8D70E85}.Debug|Any CPU.ActiveCfg = Debug|Any CPU
		{94380BC8-B60A-4FE5-AECF-ADBBB8D70E85}.Debug|Any CPU.Build.0 = Debug|Any CPU
		{94380BC8-B60A-4FE5-AECF-ADBBB8D70E85}.Release|Any CPU.ActiveCfg = Release|Any CPU
		{94380BC8-B60A-4FE5-AECF-ADBBB8D70E85}.Release|Any CPU.Build.0 = Release|Any CPU
	EndGlobalSection
	GlobalSection(SolutionProperties) = preSolution
		HideSolutionNode = FALSE
	EndGlobalSection
	GlobalSection(ExtensibilityGlobals) = postSolution
		SolutionGuid = {78DBA6D9-7057-40A9-9539-314488FEF8A5}
	EndGlobalSection
EndGlobal
